
Microsoft Visual Studio Solution File, Format Version 12.00
# Visual Studio Version 17
VisualStudioVersion = 17.6.33723.286
MinimumVisualStudioVersion = 10.0.40219.1
Project("{8BC9CEB8-8B4A-11D0-8D11-00A0C91BC942}") = "Task19_BitManipulation_Easy_PowerOfTwo", "Task19_BitManipulation_Easy_PowerOfTwo\Task19_BitManipulation_Easy_PowerOfTwo.vcxproj", "{4C4CEC2A-9894-4112-A809-2BA5ECDF9C57}"
EndProject
Global
	GlobalSection(SolutionConfigurationPlatforms) = preSolution
		Debug|x64 = Debug|x64
		Debug|x86 = Debug|x86
		Release|x64 = Release|x64
		Release|x86 = Release|x86
	EndGlobalSection
	GlobalSection(ProjectConfigurationPlatforms) = postSolution
		{4C4CEC2A-9894-4112-A809-2BA5ECDF9C57}.Debug|x64.ActiveCfg = Debug|x64
		{4C4CEC2A-9894-4112-A809-2BA5ECDF9C57}.Debug|x64.Build.0 = Debug|x64
		{4C4CEC2A-9894-4112-A809-2BA5ECDF9C57}.Debug|x86.ActiveCfg = Debug|Win32
		{4C4CEC2A-9894-4112-A809-2BA5ECDF9C57}.Debug|x86.Build.0 = Debug|Win32
		{4C4CEC2A-9894-4112-A809-2BA5ECDF9C57}.Release|x64.ActiveCfg = Release|x64
		{4C4CEC2A-9894-4112-A809-2BA5ECDF9C57}.Release|x64.Build.0 = Release|x64
		{4C4CEC2A-9894-4112-A809-2BA5ECDF9C57}.Release|x86.ActiveCfg = Release|Win32
		{4C4CEC2A-9894-4112-A809-2BA5ECDF9C57}.Release|x86.Build.0 = Release|Win32
	EndGlobalSection
	GlobalSection(SolutionProperties) = preSolution
		HideSolutionNode = FALSE
	EndGlobalSection
	GlobalSection(ExtensibilityGlobals) = postSolution
		SolutionGuid = {C65B4B31-DA83-47A2-9B98-2966C795E1D1}
	EndGlobalSection
EndGlobal
